
Microsoft Visual Studio Solution File, Format Version 12.00
# Visual Studio Version 17
VisualStudioVersion = 17.11.35312.102
MinimumVisualStudioVersion = 10.0.40219.1
Project("{FAE04EC0-301F-11D3-BF4B-00C04F79EFBC}") = "hola mundo2", "hola mundo2\hola mundo2.csproj", "{3EDE8E65-65DD-406B-BC38-A9A6C5C495EB}"
EndProject
Global
	GlobalSection(SolutionConfigurationPlatforms) = preSolution
		Debug|Any CPU = Debug|Any CPU
		Release|Any CPU = Release|Any CPU
	EndGlobalSection
	GlobalSection(ProjectConfigurationPlatforms) = postSolution
		{3EDE8E65-65DD-406B-BC38-A9A6C5C495EB}.Debug|Any CPU.ActiveCfg = Debug|Any CPU
		{3EDE8E65-65DD-406B-BC38-A9A6C5C495EB}.Debug|Any CPU.Build.0 = Debug|Any CPU
		{3EDE8E65-65DD-406B-BC38-A9A6C5C495EB}.Release|Any CPU.ActiveCfg = Release|Any CPU
		{3EDE8E65-65DD-406B-BC38-A9A6C5C495EB}.Release|Any CPU.Build.0 = Release|Any CPU
	EndGlobalSection
	GlobalSection(SolutionProperties) = preSolution
		HideSolutionNode = FALSE
	EndGlobalSection
	GlobalSection(ExtensibilityGlobals) = postSolution
		SolutionGuid = {39C4B819-9E83-4A89-A3C9-45E05809ED70}
	EndGlobalSection
EndGlobal
